
Microsoft Visual Studio Solution File, Format Version 12.00
# Visual Studio Version 17
VisualStudioVersion = 17.6.33801.468
MinimumVisualStudioVersion = 10.0.40219.1
Project("{2150E333-8FDC-42A3-9474-1A3956D46DE8}") = "01.Api", "01.Api", "{6D054464-9422-4DFE-BDED-B1F22DF3C904}"
EndProject
Project("{2150E333-8FDC-42A3-9474-1A3956D46DE8}") = "02.Domain", "02.Domain", "{A5CA5070-20B4-44C7-8119-2A90769290EB}"
EndProject
Project("{2150E333-8FDC-42A3-9474-1A3956D46DE8}") = "03.Data", "03.Data", "{CD58490E-0C3E-4657-B09B-A6627A9FF80B}"
EndProject
Project("{9A19103F-16F7-4668-BE54-9A1E7A4F7556}") = "Andreitoledo.UoW.Domain", "src\Andreitoledo.UoW.Domain\Andreitoledo.UoW.Domain.csproj", "{CBADE6F8-3391-45BB-885F-0C0E0337BC57}"
EndProject
Project("{9A19103F-16F7-4668-BE54-9A1E7A4F7556}") = "Andreitoledo.UoW.Data", "src\Andreitoledo.UoW.Data\Andreitoledo.UoW.Data.csproj", "{95350AD7-DA7A-4AC7-8FA0-CC494BC58BA0}"
EndProject
Project("{9A19103F-16F7-4668-BE54-9A1E7A4F7556}") = "Andreitoledo.UoW.Api", "src\Andreitoledo.UoW.Api\Andreitoledo.UoW.Api.csproj", "{DA376D14-DF15-4ED9-BDB1-45479D4923DC}"
EndProject
Global
	GlobalSection(SolutionConfigurationPlatforms) = preSolution
		Debug|Any CPU = Debug|Any CPU
		Release|Any CPU = Release|Any CPU
	EndGlobalSection
	GlobalSection(ProjectConfigurationPlatforms) = postSolution
		{CBADE6F8-3391-45BB-885F-0C0E0337BC57}.Debug|Any CPU.ActiveCfg = Debug|Any CPU
		{CBADE6F8-3391-45BB-885F-0C0E0337BC57}.Debug|Any CPU.Build.0 = Debug|Any CPU
		{CBADE6F8-3391-45BB-885F-0C0E0337BC57}.Release|Any CPU.ActiveCfg = Release|Any CPU
		{CBADE6F8-3391-45BB-885F-0C0E0337BC57}.Release|Any CPU.Build.0 = Release|Any CPU
		{95350AD7-DA7A-4AC7-8FA0-CC494BC58BA0}.Debug|Any CPU.ActiveCfg = Debug|Any CPU
		{95350AD7-DA7A-4AC7-8FA0-CC494BC58BA0}.Debug|Any CPU.Build.0 = Debug|Any CPU
		{95350AD7-DA7A-4AC7-8FA0-CC494BC58BA0}.Release|Any CPU.ActiveCfg = Release|Any CPU
		{95350AD7-DA7A-4AC7-8FA0-CC494BC58BA0}.Release|Any CPU.Build.0 = Release|Any CPU
		{DA376D14-DF15-4ED9-BDB1-45479D4923DC}.Debug|Any CPU.ActiveCfg = Debug|Any CPU
		{DA376D14-DF15-4ED9-BDB1-45479D4923DC}.Debug|Any CPU.Build.0 = Debug|Any CPU
		{DA376D14-DF15-4ED9-BDB1-45479D4923DC}.Release|Any CPU.ActiveCfg = Release|Any CPU
		{DA376D14-DF15-4ED9-BDB1-45479D4923DC}.Release|Any CPU.Build.0 = Release|Any CPU
	EndGlobalSection
	GlobalSection(SolutionProperties) = preSolution
		HideSolutionNode = FALSE
	EndGlobalSection
	GlobalSection(NestedProjects) = preSolution
		{CBADE6F8-3391-45BB-885F-0C0E0337BC57} = {A5CA5070-20B4-44C7-8119-2A90769290EB}
		{95350AD7-DA7A-4AC7-8FA0-CC494BC58BA0} = {CD58490E-0C3E-4657-B09B-A6627A9FF80B}
		{DA376D14-DF15-4ED9-BDB1-45479D4923DC} = {6D054464-9422-4DFE-BDED-B1F22DF3C904}
	EndGlobalSection
	GlobalSection(ExtensibilityGlobals) = postSolution
		SolutionGuid = {3635E684-413C-4E73-AD1C-F194B3D973AF}
	EndGlobalSection
EndGlobal
